{
  "name": "lichessAnalysis",
  "lockfileVersion": 2,
  "requires": true,
  "packages": {
    "": {
      "dependencies": {
        "arrive": "^2.4.1"
      }
    },
    "node_modules/arrive": {
      "version": "2.4.1",
      "resolved": "https://registry.npmjs.org/arrive/-/arrive-2.4.1.tgz",
      "integrity": "sha512-gnpcKdKN4HJAmzpZIxDBJsw/z59sBvh9i4mJyHJCk+enrKnEZ/l1GspM1MGPxMxnRcdt+v/OIWEY5mNQSGisPQ=="
    }
  },
  "dependencies": {
    "arrive": {
      "version": "2.4.1",
      "resolved": "https://registry.npmjs.org/arrive/-/arrive-2.4.1.tgz",
      "integrity": "sha512-gnpcKdKN4HJAmzpZIxDBJsw/z59sBvh9i4mJyHJCk+enrKnEZ/l1GspM1MGPxMxnRcdt+v/OIWEY5mNQSGisPQ=="
    }
  }
}
